Microsoft Visual Studio Solution File, Format Version 12.00
# Visual Studio Version 17
VisualStudioVersion = 17.13.35913.81
MinimumVisualStudioVersion = 10.0.40219.1
Project("{2150E333-8FDC-42A3-9474-1A3956D46DE8}") = "Presentation", "Presentation", "{02EA681E-C7D8-13C7-8484-4AC65E1B71E8}"
EndProject
Project("{2150E333-8FDC-42A3-9474-1A3956D46DE8}") = "Application", "Application", "{ED9235A4-DC60-49B5-8847-0C2152611D3C}"
EndProject
Project("{2150E333-8FDC-42A3-9474-1A3956D46DE8}") = "Infrastructure", "Infrastructure", "{C8750114-FDB0-403A-9087-225E2B4B52E4}"
EndProject
Project("{2150E333-8FDC-42A3-9474-1A3956D46DE8}") = "Domain", "Domain", "{C29FEB5D-C55A-40DA-AB0F-31AF5FD5BF5B}"
EndProject
Project("{FAE04EC0-301F-11D3-BF4B-00C04F79EFBC}") = "PERI.SK.Cmd", "PERI.SK.Cmd\PERI.SK.Cmd.csproj", "{16B7761D-064D-4AB8-8A30-E95E9B81D684}"
EndProject
Project("{FAE04EC0-301F-11D3-BF4B-00C04F79EFBC}") = "PERI.SK.Domain", "PERI.SK.Domain\PERI.SK.Domain.csproj", "{7A54F10E-6604-4282-9B03-E38EFE66693F}"
EndProject
Project("{FAE04EC0-301F-11D3-BF4B-00C04F79EFBC}") = "PERI.SK.Infrastructure.OpenAi", "PERI.SK.Infrastructure.OpenAi\PERI.SK.Infrastructure.OpenAi.csproj", "{A46459F6-1061-493C-870A-73EA93BEDE4C}"
EndProject
Project("{FAE04EC0-301F-11D3-BF4B-00C04F79EFBC}") = "PERI.SK.Infrastructure.Data", "PERI.SK.Infrastructure.Data\PERI.SK.Infrastructure.Data.csproj", "{2A3104E6-1590-4482-89FE-DF769F229CCB}"
EndProject
Project("{FAE04EC0-301F-11D3-BF4B-00C04F79EFBC}") = "PERI.SK.Application", "PERI.SK.Application\PERI.SK.Application.csproj", "{B23F472D-2409-4CF8-8A8A-CBD6C1AA2C29}"
EndProject
Project("{FAE04EC0-301F-11D3-BF4B-00C04F79EFBC}") = "PERI.SK.Infrastructure.AzureOpenAi", "PERI.SK.Infrastructure.AzureOpenAi\PERI.SK.Infrastructure.AzureOpenAi.csproj", "{4A04C40B-4867-445D-9AAD-7E02091FFC0A}"
EndProject
Project("{FAE04EC0-301F-11D3-BF4B-00C04F79EFBC}") = "PERI.SK.Infrastructure", "PERI.SK.Infrastructure\PERI.SK.Infrastructure.csproj", "{CD8E5226-7B26-45AC-81C2-4E40E35BDBEB}"
EndProject
Project("{FAE04EC0-301F-11D3-BF4B-00C04F79EFBC}") = "PERI.SK.Web", "PERI.SK.Web\PERI.SK.Web.csproj", "{D9F79542-688E-4174-9009-D82581F6E849}"
EndProject
Project("{FAE04EC0-301F-11D3-BF4B-00C04F79EFBC}") = "PERI.SK.Infrastructure.DeepSeek", "PERI.SK.Infrastructure.DeepSeek\PERI.SK.Infrastructure.DeepSeek.csproj", "{F1D5DDC7-5284-5344-E284-852901FE68B5}"
EndProject
Global
	GlobalSection(SolutionConfigurationPlatforms) = preSolution
		Debug|Any CPU = Debug|Any CPU
		Release|Any CPU = Release|Any CPU
	EndGlobalSection
	GlobalSection(ProjectConfigurationPlatforms) = postSolution
		{16B7761D-064D-4AB8-8A30-E95E9B81D684}.Debug|Any CPU.ActiveCfg = Debug|Any CPU
		{16B7761D-064D-4AB8-8A30-E95E9B81D684}.Debug|Any CPU.Build.0 = Debug|Any CPU
		{16B7761D-064D-4AB8-8A30-E95E9B81D684}.Release|Any CPU.ActiveCfg = Release|Any CPU
		{16B7761D-064D-4AB8-8A30-E95E9B81D684}.Release|Any CPU.Build.0 = Release|Any CPU
		{7A54F10E-6604-4282-9B03-E38EFE66693F}.Debug|Any CPU.ActiveCfg = Debug|Any CPU
		{7A54F10E-6604-4282-9B03-E38EFE66693F}.Debug|Any CPU.Build.0 = Debug|Any CPU
		{7A54F10E-6604-4282-9B03-E38EFE66693F}.Release|Any CPU.ActiveCfg = Release|Any CPU
		{7A54F10E-6604-4282-9B03-E38EFE66693F}.Release|Any CPU.Build.0 = Release|Any CPU
		{A46459F6-1061-493C-870A-73EA93BEDE4C}.Debug|Any CPU.ActiveCfg = Debug|Any CPU
		{A46459F6-1061-493C-870A-73EA93BEDE4C}.Debug|Any CPU.Build.0 = Debug|Any CPU
		{A46459F6-1061-493C-870A-73EA93BEDE4C}.Release|Any CPU.ActiveCfg = Release|Any CPU
		{A46459F6-1061-493C-870A-73EA93BEDE4C}.Release|Any CPU.Build.0 = Release|Any CPU
		{2A3104E6-1590-4482-89FE-DF769F229CCB}.Debug|Any CPU.ActiveCfg = Debug|Any CPU
		{2A3104E6-1590-4482-89FE-DF769F229CCB}.Debug|Any CPU.Build.0 = Debug|Any CPU
		{2A3104E6-1590-4482-89FE-DF769F229CCB}.Release|Any CPU.ActiveCfg = Release|Any CPU
		{2A3104E6-1590-4482-89FE-DF769F229CCB}.Release|Any CPU.Build.0 = Release|Any CPU
		{B23F472D-2409-4CF8-8A8A-CBD6C1AA2C29}.Debug|Any CPU.ActiveCfg = Debug|Any CPU
		{B23F472D-2409-4CF8-8A8A-CBD6C1AA2C29}.Debug|Any CPU.Build.0 = Debug|Any CPU
		{B23F472D-2409-4CF8-8A8A-CBD6C1AA2C29}.Release|Any CPU.ActiveCfg = Release|Any CPU
		{B23F472D-2409-4CF8-8A8A-CBD6C1AA2C29}.Release|Any CPU.Build.0 = Release|Any CPU
		{4A04C40B-4867-445D-9AAD-7E02091FFC0A}.Debug|Any CPU.ActiveCfg = Debug|Any CPU
		{4A04C40B-4867-445D-9AAD-7E02091FFC0A}.Debug|Any CPU.Build.0 = Debug|Any CPU
		{4A04C40B-4867-445D-9AAD-7E02091FFC0A}.Release|Any CPU.ActiveCfg = Release|Any CPU
		{4A04C40B-4867-445D-9AAD-7E02091FFC0A}.Release|Any CPU.Build.0 = Release|Any CPU
		{CD8E5226-7B26-45AC-81C2-4E40E35BDBEB}.Debug|Any CPU.ActiveCfg = Debug|Any CPU
		{CD8E5226-7B26-45AC-81C2-4E40E35BDBEB}.Debug|Any CPU.Build.0 = Debug|Any CPU
		{CD8E5226-7B26-45AC-81C2-4E40E35BDBEB}.Release|Any CPU.ActiveCfg = Release|Any CPU
		{CD8E5226-7B26-45AC-81C2-4E40E35BDBEB}.Release|Any CPU.Build.0 = Release|Any CPU
		{D9F79542-688E-4174-9009-D82581F6E849}.Debug|Any CPU.ActiveCfg = Debug|Any CPU
		{D9F79542-688E-4174-9009-D82581F6E849}.Debug|Any CPU.Build.0 = Debug|Any CPU
		{D9F79542-688E-4174-9009-D82581F6E849}.Release|Any CPU.ActiveCfg = Release|Any CPU
		{D9F79542-688E-4174-9009-D82581F6E849}.Release|Any CPU.Build.0 = Release|Any CPU
		{F1D5DDC7-5284-5344-E284-852901FE68B5}.Debug|Any CPU.ActiveCfg = Debug|Any CPU
		{F1D5DDC7-5284-5344-E284-852901FE68B5}.Debug|Any CPU.Build.0 = Debug|Any CPU
		{F1D5DDC7-5284-5344-E284-852901FE68B5}.Release|Any CPU.ActiveCfg = Release|Any CPU
		{F1D5DDC7-5284-5344-E284-852901FE68B5}.Release|Any CPU.Build.0 = Release|Any CPU
	EndGlobalSection
	GlobalSection(SolutionProperties) = preSolution
		HideSolutionNode = FALSE
	EndGlobalSection
	GlobalSection(NestedProjects) = preSolution
		{16B7761D-064D-4AB8-8A30-E95E9B81D684} = {02EA681E-C7D8-13C7-8484-4AC65E1B71E8}
		{7A54F10E-6604-4282-9B03-E38EFE66693F} = {C29FEB5D-C55A-40DA-AB0F-31AF5FD5BF5B}
		{A46459F6-1061-493C-870A-73EA93BEDE4C} = {C8750114-FDB0-403A-9087-225E2B4B52E4}
		{2A3104E6-1590-4482-89FE-DF769F229CCB} = {C8750114-FDB0-403A-9087-225E2B4B52E4}
		{B23F472D-2409-4CF8-8A8A-CBD6C1AA2C29} = {ED9235A4-DC60-49B5-8847-0C2152611D3C}
		{4A04C40B-4867-445D-9AAD-7E02091FFC0A} = {C8750114-FDB0-403A-9087-225E2B4B52E4}
		{CD8E5226-7B26-45AC-81C2-4E40E35BDBEB} = {C8750114-FDB0-403A-9087-225E2B4B52E4}
		{D9F79542-688E-4174-9009-D82581F6E849} = {02EA681E-C7D8-13C7-8484-4AC65E1B71E8}
		{F1D5DDC7-5284-5344-E284-852901FE68B5} = {C8750114-FDB0-403A-9087-225E2B4B52E4}
	EndGlobalSection
	GlobalSection(ExtensibilityGlobals) = postSolution
		SolutionGuid = {D0F9EE4D-B76F-4538-A34F-211A0016381D}
	EndGlobalSection
EndGlobal
